// !$*UTF8*$!
{
	archiveVersion = 1;
	classes = {
	};
	objectVersion = 50;
	objects = {

/* Begin PBXBuildFile section */
		EEECA94E22003D29000B3913 /* AppDelegate.m in Sources */ = {isa = PBXBuildFile; fileRef = EEECA94D22003D29000B3913 /* AppDelegate.m */; };
		EEECA95622003D2B000B3913 /* Assets.xcassets in Resources */ = {isa = PBXBuildFile; fileRef = EEECA95522003D2B000B3913 /* Assets.xcassets */; };
		EEECA95922003D2B000B3913 /* LaunchScreen.storyboard in Resources */ = {isa = PBXBuildFile; fileRef = EEECA95722003D2B000B3913 /* LaunchScreen.storyboard */; };
		EEECA95C22003D2B000B3913 /* main.m in Sources */ = {isa = PBXBuildFile; fileRef = EEECA95B22003D2B000B3913 /* main.m */; };
		EEECA96422003D5A000B3913 /* QiKeychainViewController.m in Sources */ = {isa = PBXBuildFile; fileRef = EEECA96322003D5A000B3913 /* QiKeychainViewController.m */; };
		EEECA96D2200530D000B3913 /* QiKeychainItem.m in Sources */ = {isa = PBXBuildFile; fileRef = EEECA96C2200530D000B3913 /* QiKeychainItem.m */; };
/* End PBXBuildFile section */

/* Begin PBXFileReference section */
		EEECA94922003D29000B3913 /* QiKeychain.app */ = {isa = PBXFileReference; explicitFileType = wrapper.application; includeInIndex = 0; path = QiKeychain.app; sourceTree = BUILT_PRODUCTS_DIR; };
		EEECA94C22003D29000B3913 /* AppDelegate.h */ = {isa = PBXFileReference; lastKnownFileType = sourcecode.c.h; path = AppDelegate.h; sourceTree = "<group>"; };
		EEECA94D22003D29000B3913 /* AppDelegate.m */ = {isa = PBXFileReference; lastKnownFileType = sourcecode.c.objc; path = AppDelegate.m; sourceTree = "<group>"; };
		EEECA95522003D2B000B3913 /* Assets.xcassets */ = {isa = PBXFileReference; lastKnownFileType = folder.assetcatalog; path = Assets.xcassets; sourceTree = "<group>"; };
		EEECA95822003D2B000B3913 /* Base */ = {isa = PBXFileReference; lastKnownFileType = file.storyboard; name = Base; path = Base.lproj/LaunchScreen.storyboard; sourceTree = "<group>"; };
		EEECA95A22003D2B000B3913 /* Info.plist */ = {isa = PBXFileReference; lastKnownFileType = text.plist.xml; path = Info.plist; sourceTree = "<group>"; };
		EEECA95B22003D2B000B3913 /* main.m */ = {isa = PBXFileReference; lastKnownFileType = sourcecode.c.objc; path = main.m; sourceTree = "<group>"; };
		EEECA96222003D5A000B3913 /* QiKeychainViewController.h */ = {isa = PBXFileReference; lastKnownFileType = sourcecode.c.h; path = QiKeychainViewController.h; sourceTree = "<group>"; };
		EEECA96322003D5A000B3913 /* QiKeychainViewController.m */ = {isa = PBXFileReference; lastKnownFileType = sourcecode.c.objc; path = QiKeychainViewController.m; sourceTree = "<group>"; };
		EEECA96B2200530D000B3913 /* QiKeychainItem.h */ = {isa = PBXFileReference; lastKnownFileType = sourcecode.c.h; path = QiKeychainItem.h; sourceTree = "<group>"; };
		EEECA96C2200530D000B3913 /* QiKeychainItem.m */ = {isa = PBXFileReference; lastKnownFileType = sourcecode.c.objc; path = QiKeychainItem.m; sourceTree = "<group>"; };
/* End PBXFileReference section */

/* Begin PBXFrameworksBuildPhase section */
		EEECA94622003D29000B3913 /* Frameworks */ = {
			isa = PBXFrameworksBuildPhase;
			buildActionMask = 2147483647;
			files = (
			);
			runOnlyForDeploymentPostprocessing = 0;
		};
/* End PBXFrameworksBuildPhase section */

/* Begin PBXGroup section */
		EEECA94022003D29000B3913 = {
			isa = PBXGroup;
			children = (
				EEECA94B22003D29000B3913 /* QiKeychain */,
				EEECA94A22003D29000B3913 /* Products */,
			);
			sourceTree = "<group>";
		};
		EEECA94A22003D29000B3913 /* Products */ = {
			isa = PBXGroup;
			children = (
				EEECA94922003D29000B3913 /* QiKeychain.app */,
			);
			name = Products;
			sourceTree = "<group>";
		};
		EEECA94B22003D29000B3913 /* QiKeychain */ = {
			isa = PBXGroup;
			children = (
				EEECA94C22003D29000B3913 /* AppDelegate.h */,
				EEECA94D22003D29000B3913 /* AppDelegate.m */,
				EEECA96B2200530D000B3913 /* QiKeychainItem.h */,
				EEECA96C2200530D000B3913 /* QiKeychainItem.m */,
				EEECA96222003D5A000B3913 /* QiKeychainViewController.h */,
				EEECA96322003D5A000B3913 /* QiKeychainViewController.m */,
				EEECA95522003D2B000B3913 /* Assets.xcassets */,
				EEECA95722003D2B000B3913 /* LaunchScreen.storyboard */,
				EEECA95A22003D2B000B3913 /* Info.plist */,
				EEECA95B22003D2B000B3913 /* main.m */,
			);
			path = QiKeychain;
			sourceTree = "<group>";
		};
/* End PBXGroup section */

/* Begin PBXNativeTarget section */
		EEECA94822003D29000B3913 /* QiKeychain */ = {
			isa = PBXNativeTarget;
			buildConfigurationList = EEECA95F22003D2B000B3913 /* Build configuration list for PBXNativeTarget "QiKeychain" */;
			buildPhases = (
				EEECA94522003D29000B3913 /* Sources */,
				EEECA94622003D29000B3913 /* Frameworks */,
				EEECA94722003D29000B3913 /* Resources */,
			);
			buildRules = (
			);
			dependencies = (
			);
			name = QiKeychain;
			productName = QiKeychain;
			productReference = EEECA94922003D29000B3913 /* QiKeychain.app */;
			productType = "com.apple.product-type.application";
		};
/* End PBXNativeTarget section */

/* Begin PBXProject section */
		EEECA94122003D29000B3913 /* Project object */ = {
			isa = PBXProject;
			attributes = {
				LastUpgradeCheck = 1010;
				ORGANIZATIONNAME = QiShare;
				TargetAttributes = {
					EEECA94822003D29000B3913 = {
						CreatedOnToolsVersion = 10.1;
					};
				};
			};
			buildConfigurationList = EEECA94422003D29000B3913 /* Build configuration list for PBXProject "QiKeychain" */;
			compatibilityVersion = "Xcode 9.3";
			developmentRegion = en;
			hasScannedForEncodings = 0;
			knownRegions = (
				en,
				Base,
			);
			mainGroup = EEECA94022003D29000B3913;
			productRefGroup = EEECA94A22003D29000B3913 /* Products */;
			projectDirPath = "";
			projectRoot = "";
			targets = (
				EEECA94822003D29000B3913 /* QiKeychain */,
			);
		};
/* End PBXProject section */

/* Begin PBXResourcesBuildPhase section */
		EEECA94722003D29000B3913 /* Resources */ = {
			isa = PBXResourcesBuildPhase;
			buildActionMask = 2147483647;
			files = (
				EEECA95922003D2B000B3913 /* LaunchScreen.storyboard in Resources */,
				EEECA95622003D2B000B3913 /* Assets.xcassets in Resources */,
			);
			runOnlyForDeploymentPostprocessing = 0;
		};
/* End PBXResourcesBuildPhase section */

/* Begin PBXSourcesBuildPhase section */
		EEECA94522003D29000B3913 /* Sources */ = {
			isa = PBXSourcesBuildPhase;
			buildActionMask = 2147483647;
			files = (
				EEECA96422003D5A000B3913 /* QiKeychainViewController.m in Sources */,
				EEECA95C22003D2B000B3913 /* main.m in Sources */,
				EEECA94E22003D29000B3913 /* AppDelegate.m in Sources */,
				EEECA96D2200530D000B3913 /* QiKeychainItem.m in Sources */,
			);
			runOnlyForDeploymentPostprocessing = 0;
		};
/* End PBXSourcesBuildPhase section */

/* Begin PBXVariantGroup section */
		EEECA95722003D2B000B3913 /* LaunchScreen.storyboard */ = {
			isa = PBXVariantGroup;
			children = (
				EEECA95822003D2B000B3913 /* Base */,
			);
			name = LaunchScreen.storyboard;
			sourceTree = "<group>";
		};
/* End PBXVariantGroup section */

/* Begin XCBuildConfiguration section */
		EEECA95D22003D2B000B3913 /* Debug */ = {
			isa = XCBuildConfiguration;
			buildSettings = {
				ALWAYS_SEARCH_USER_PATHS = NO;
				CLANG_ANALYZER_NONNULL = YES;
				CLANG_ANALYZER_NUMBER_OBJECT_CONVERSION = YES_AGGRESSIVE;
				CLANG_CXX_LANGUAGE_STANDARD = "gnu++14";
				CLANG_CXX_LIBRARY = "libc++";
				CLANG_ENABLE_MODULES = YES;
				CLANG_ENABLE_OBJC_ARC = YES;
				CLANG_ENABLE_OBJC_WEAK = YES;
				CLANG_WARN_BLOCK_CAPTURE_AUTORELEASING = YES;
				CLANG_WARN_BOOL_CONVERSION = YES;
				CLANG_WARN_COMMA = YES;
				CLANG_WARN_CONSTANT_CONVERSION = YES;
				CLANG_WARN_DEPRECATED_OBJC_IMPLEMENTATIONS = YES;
				CLANG_WARN_DIRECT_OBJC_ISA_USAGE = YES_ERROR;
				CLANG_WARN_DOCUMENTATION_COMMENTS = YES;
				CLANG_WARN_EMPTY_BODY = YES;
				CLANG_WARN_ENUM_CONVERSION = YES;
				CLANG_WARN_INFINITE_RECURSION = YES;
				CLANG_WARN_INT_CONVERSION = YES;
				CLANG_WARN_NON_LITERAL_NULL_CONVERSION = YES;
				CLANG_WARN_OBJC_IMPLICIT_RETAIN_SELF = YES;
				CLANG_WARN_OBJC_LITERAL_CONVERSION = YES;
				CLANG_WARN_OBJC_ROOT_CLASS = YES_ERROR;
				CLANG_WARN_RANGE_LOOP_ANALYSIS = YES;
				CLANG_WARN_STRICT_PROTOTYPES = YES;
				CLANG_WARN_SUSPICIOUS_MOVE = YES;
				CLANG_WARN_UNGUARDED_AVAILABILITY = YES_AGGRESSIVE;
				CLANG_WARN_UNREACHABLE_CODE = YES;
				CLANG_WARN__DUPLICATE_METHOD_MATCH = YES;
				CODE_SIGN_IDENTITY = "iPhone Developer";
				COPY_PHASE_STRIP = NO;
				DEBUG_INFORMATION_FORMAT = dwarf;
				ENABLE_STRICT_OBJC_MSGSEND = YES;
				ENABLE_TESTABILITY = YES;
				GCC_C_LANGUAGE_STANDARD = gnu11;
				GCC_DYNAMIC_NO_PIC = NO;
				GCC_NO_COMMON_BLOCKS = YES;
				GCC_OPTIMIZATION_LEVEL = 0;
				GCC_PREPROCESSOR_DEFINITIONS = (
					"DEBUG=1",
					"$(inherited)",
				);
				GCC_WARN_64_TO_32_BIT_CONVERSION = YES;
				GCC_WARN_ABOUT_RETURN_TYPE = YES_ERROR;
				GCC_WARN_UNDECLARED_SELECTOR = YES;
				GCC_WARN_UNINITIALIZED_AUTOS = YES_AGGRESSIVE;
				GCC_WARN_UNUSED_FUNCTION = YES;
				GCC_WARN_UNUSED_VARIABLE = YES;
				IPHONEOS_DEPLOYMENT_TARGET = 12.1;
				MTL_ENABLE_DEBUG_INFO = INCLUDE_SOURCE;
				MTL_FAST_MATH = YES;
				ONLY_ACTIVE_ARCH = YES;
				SDKROOT = iphoneos;
			};
			name = Debug;
		};
		EEECA95E22003D2B000B3913 /* Release */ = {
			isa = XCBuildConfiguration;
			buildSettings = {
				ALWAYS_SEARCH_USER_PATHS = NO;
				CLANG_ANALYZER_NONNULL = YES;
				CLANG_ANALYZER_NUMBER_OBJECT_CONVERSION = YES_AGGRESSIVE;
				CLANG_CXX_LANGUAGE_STANDARD = "gnu++14";
				CLANG_CXX_LIBRARY = "libc++";
				CLANG_ENABLE_MODULES = YES;
				CLANG_ENABLE_OBJC_ARC = YES;
				CLANG_ENABLE_OBJC_WEAK = YES;
				CLANG_WARN_BLOCK_CAPTURE_AUTORELEASING = YES;
				CLANG_WARN_BOOL_CONVERSION = YES;
				CLANG_WARN_COMMA = YES;
				CLANG_WARN_CONSTANT_CONVERSION = YES;
				CLANG_WARN_DEPRECATED_OBJC_IMPLEMENTATIONS = YES;
				CLANG_WARN_DIRECT_OBJC_ISA_USAGE = YES_ERROR;
				CLANG_WARN_DOCUMENTATION_COMMENTS = YES;
				CLANG_WARN_EMPTY_BODY = YES;
				CLANG_WARN_ENUM_CONVERSION = YES;
				CLANG_WARN_INFINITE_RECURSION = YES;
				CLANG_WARN_INT_CONVERSION = YES;
				CLANG_WARN_NON_LITERAL_NULL_CONVERSION = YES;
				CLANG_WARN_OBJC_IMPLICIT_RETAIN_SELF = YES;
				CLANG_WARN_OBJC_LITERAL_CONVERSION = YES;
				CLANG_WARN_OBJC_ROOT_CLASS = YES_ERROR;
				CLANG_WARN_RANGE_LOOP_ANALYSIS = YES;
				CLANG_WARN_STRICT_PROTOTYPES = YES;
				CLANG_WARN_SUSPICIOUS_MOVE = YES;
				CLANG_WARN_UNGUARDED_AVAILABILITY = YES_AGGRESSIVE;
				CLANG_WARN_UNREACHABLE_CODE = YES;
				CLANG_WARN__DUPLICATE_METHOD_MATCH = YES;
				CODE_SIGN_IDENTITY = "iPhone Developer";
				COPY_PHASE_STRIP = NO;
				DEBUG_INFORMATION_FORMAT = "dwarf-with-dsym";
				ENABLE_NS_ASSERTIONS = NO;
				ENABLE_STRICT_OBJC_MSGSEND = YES;
				GCC_C_LANGUAGE_STANDARD = gnu11;
				GCC_NO_COMMON_BLOCKS = YES;
				GCC_WARN_64_TO_32_BIT_CONVERSION = YES;
				GCC_WARN_ABOUT_RETURN_TYPE = YES_ERROR;
				GCC_WARN_UNDECLARED_SELECTOR = YES;
				GCC_WARN_UNINITIALIZED_AUTOS = YES_AGGRESSIVE;
				GCC_WARN_UNUSED_FUNCTION = YES;
				GCC_WARN_UNUSED_VARIABLE = YES;
				IPHONEOS_DEPLOYMENT_TARGET = 12.1;
				MTL_ENABLE_DEBUG_INFO = NO;
				MTL_FAST_MATH = YES;
				SDKROOT = iphoneos;
				VALIDATE_PRODUCT = YES;
			};
			name = Release;
		};
		EEECA96022003D2B000B3913 /* Debug */ = {
			isa = XCBuildConfiguration;
			buildSettings = {
				ASSETCATALOG_COMPILER_APPICON_NAME = AppIcon;
				CODE_SIGN_STYLE = Automatic;
				DEVELOPMENT_TEAM = 8ZX24TX624;
				INFOPLIST_FILE = QiKeychain/Info.plist;
				IPHONEOS_DEPLOYMENT_TARGET = 9.0;
				LD_RUNPATH_SEARCH_PATHS = (
					"$(inherited)",
					"@executable_path/Frameworks",
				);
				PRODUCT_BUNDLE_IDENTIFIER = com.qishare.ios.wyw;
				PRODUCT_NAME = "$(TARGET_NAME)";
				TARGETED_DEVICE_FAMILY = "1,2";
			};
			name = Debug;
		};
		EEECA96122003D2B000B3913 /* Release */ = {
			isa = XCBuildConfiguration;
			buildSettings = {
				ASSETCATALOG_COMPILER_APPICON_NAME = AppIcon;
				CODE_SIGN_STYLE = Automatic;
				DEVELOPMENT_TEAM = 8ZX24TX624;
				INFOPLIST_FILE = QiKeychain/Info.plist;
				IPHONEOS_DEPLOYMENT_TARGET = 9.0;
				LD_RUNPATH_SEARCH_PATHS = (
					"$(inherited)",
					"@executable_path/Frameworks",
				);
				PRODUCT_BUNDLE_IDENTIFIER = com.qishare.ios.wyw;
				PRODUCT_NAME = "$(TARGET_NAME)";
				TARGETED_DEVICE_FAMILY = "1,2";
			};
			name = Release;
		};
/* End XCBuildConfiguration section */

/* Begin XCConfigurationList section */
		EEECA94422003D29000B3913 /* Build configuration list for PBXProject "QiKeychain" */ = {
			isa = XCConfigurationList;
			buildConfigurations = (
				EEECA95D22003D2B000B3913 /* Debug */,
				EEECA95E22003D2B000B3913 /* Release */,
			);
			defaultConfigurationIsVisible = 0;
			defaultConfigurationName = Release;
		};
		EEECA95F22003D2B000B3913 /* Build configuration list for PBXNativeTarget "QiKeychain" */ = {
			isa = XCConfigurationList;
			buildConfigurations = (
				EEECA96022003D2B000B3913 /* Debug */,
				EEECA96122003D2B000B3913 /* Release */,
			);
			defaultConfigurationIsVisible = 0;
			defaultConfigurationName = Release;
		};
/* End XCConfigurationList section */
	};
	rootObject = EEECA94122003D29000B3913 /* Project object */;
}
